# This file is autogenerated, do not edit; changes may be undone by the next 'dep ensure'.


[[projects]]
  branch = "master"
  digest = "1:fd18b3e9b2ec7f9b5d268e94346dbcc425f0455e207f4d688597cd86001543b7"
  name = "github.com/sparrc/go-ping"
  packages = ["."]
  pruneopts = "UT"
  revision = "ef3ab45e41b017889941ea5bb796dd502d2b5a1b"

[[projects]]
  branch = "master"
  digest = "1:93a249e1ab081d31c03b993c7ccb74e9f3e4309b9528e66e2ae4d9f8e0a6b94b"
  name = "golang.org/x/net"
  packages = [
    "bpf",
    "icmp",
    "internal/iana",
    "internal/socket",
    "ipv4",
    "ipv6",
  ]
  pruneopts = "UT"
  revision = "395948e2f546cb82afa9e1f6d1a6e87849b9af1d"

[solve-meta]
  analyzer-name = "dep"
  analyzer-version = 1
  input-imports = ["github.com/sparrc/go-ping"]
  solver-name = "gps-cdcl"
  solver-version = 1
